speakeasyVersion: 1.498.1
sources:
    OAS:
        sourceNamespace: oas
        sourceRevisionDigest: sha256:67ea8cf97879cde6198e535a51d38ab1ea027c16f04b9ecc75abdc4e9f5ddfad
        sourceBlobDigest: sha256:fc611c3f426fda575a39f6881e166ba50f7760e7c81a8a7d094b851ae6f3fbb8
        tags:
            - latest
            - speakeasy-sdk-regen-1740074531
            - 0.0.0
targets:
    bluesky:
        source: OAS
        sourceNamespace: oas
        sourceRevisionDigest: sha256:67ea8cf97879cde6198e535a51d38ab1ea027c16f04b9ecc75abdc4e9f5ddfad
        sourceBlobDigest: sha256:fc611c3f426fda575a39f6881e166ba50f7760e7c81a8a7d094b851ae6f3fbb8
        codeSamplesNamespace: oas-typescript-code-samples
        codeSamplesRevisionDigest: sha256:bf6456e86d27ecf9abb5ed822fdee96579d24b5d625e8752d26bd56d5d4c307a
workflow:
    workflowVersion: 1.0.0
    speakeasyVersion: latest
    sources:
        OAS:
            inputs:
                - location: openapi.yaml
            overlays:
                - location: .speakeasy/speakeasy-modifications-overlay.yaml
                - location: .speakeasy/speakeasy-errors-overlay.yaml
                - location: .speakeasy/speakeasy-react-hooks-overlay.yaml
                - location: .speakeasy/speakeasy-mcp.yaml
            output: scratch/openapi.yaml
            registry:
                location: registry.speakeasyapi.dev/speakeasy-self/bluesky/oas
    targets:
        bluesky:
            target: typescript
            source: OAS
            publish:
                npm:
                    token: $npm_token
            codeSamples:
                registry:
                    location: registry.speakeasyapi.dev/speakeasy-self/bluesky/oas-typescript-code-samples
                blocking: false
