speakeasyVersion: 1.453.0
sources: {}
targets:
    bluesky:
        source: OAS
workflow:
    workflowVersion: 1.0.0
    speakeasyVersion: latest
    sources:
        OAS:
            inputs:
                - location: openapi.yaml
            overlays:
                - location: .speakeasy/speakeasy-modifications-overlay.yaml
                - location: .speakeasy/speakeasy-errors-overlay.yaml
                - location: .speakeasy/speakeasy-react-hooks-overlay.yaml
            registry:
                location: registry.speakeasyapi.dev/bluesky/bluesky/-oas
    targets:
        bluesky:
            target: typescript
            source: OAS
            codeSamples:
                registry:
                    location: registry.speakeasyapi.dev/bluesky/bluesky/-oas-typescript-code-samples
                blocking: false
